
Microsoft Visual Studio Solution File, Format Version 12.00
# Visual Studio Version 16
VisualStudioVersion = 16.0.30907.101
MinimumVisualStudioVersion = 10.0.40219.1
Project("{FAE04EC0-301F-11D3-BF4B-00C04F79EFBC}") = "WorkflowEngine", "WorkflowEngine\WorkflowEngine.csproj", "{AE60BBC5-EA50-43C3-8403-46107BC35FAF}"
EndProject
Global
	GlobalSection(SolutionConfigurationPlatforms) = preSolution
		Debug|Any CPU = Debug|Any CPU
		Release|Any CPU = Release|Any CPU
	EndGlobalSection
	GlobalSection(ProjectConfigurationPlatforms) = postSolution
		{AE60BBC5-EA50-43C3-8403-46107BC35FAF}.Debug|Any CPU.ActiveCfg = Debug|Any CPU
		{AE60BBC5-EA50-43C3-8403-46107BC35FAF}.Debug|Any CPU.Build.0 = Debug|Any CPU
		{AE60BBC5-EA50-43C3-8403-46107BC35FAF}.Release|Any CPU.ActiveCfg = Release|Any CPU
		{AE60BBC5-EA50-43C3-8403-46107BC35FAF}.Release|Any CPU.Build.0 = Release|Any CPU
	EndGlobalSection
	GlobalSection(SolutionProperties) = preSolution
		HideSolutionNode = FALSE
	EndGlobalSection
	GlobalSection(ExtensibilityGlobals) = postSolution
		SolutionGuid = {991CCCE9-5FD1-4088-9E58-78A8E5D89C7E}
	EndGlobalSection
EndGlobal
